
Microsoft Visual Studio Solution File, Format Version 12.00
# Visual Studio Version 17
VisualStudioVersion = 17.0.32002.185
MinimumVisualStudioVersion = 10.0.40219.1
Project("{FAE04EC0-301F-11D3-BF4B-00C04F79EFBC}") = "App4", "App4\App4.csproj", "{4CC8A571-1E8C-4207-8D5D-091532F5F2E5}"
EndProject
Global
	GlobalSection(SolutionConfigurationPlatforms) = preSolution
		Debug|ARM = Debug|ARM
		Debug|ARM64 = Debug|ARM64
		Debug|x64 = Debug|x64
		Debug|x86 = Debug|x86
		Release|ARM = Release|ARM
		Release|ARM64 = Release|ARM64
		Release|x64 = Release|x64
		Release|x86 = Release|x86
	EndGlobalSection
	GlobalSection(ProjectConfigurationPlatforms) = postSolution
		{4CC8A571-1E8C-4207-8D5D-091532F5F2E5}.Debug|ARM.ActiveCfg = Debug|ARM
		{4CC8A571-1E8C-4207-8D5D-091532F5F2E5}.Debug|ARM.Build.0 = Debug|ARM
		{4CC8A571-1E8C-4207-8D5D-091532F5F2E5}.Debug|ARM.Deploy.0 = Debug|ARM
		{4CC8A571-1E8C-4207-8D5D-091532F5F2E5}.Debug|ARM64.ActiveCfg = Debug|ARM64
		{4CC8A571-1E8C-4207-8D5D-091532F5F2E5}.Debug|ARM64.Build.0 = Debug|ARM64
		{4CC8A571-1E8C-4207-8D5D-091532F5F2E5}.Debug|ARM64.Deploy.0 = Debug|ARM64
		{4CC8A571-1E8C-4207-8D5D-091532F5F2E5}.Debug|x64.ActiveCfg = Debug|x64
		{4CC8A571-1E8C-4207-8D5D-091532F5F2E5}.Debug|x64.Build.0 = Debug|x64
		{4CC8A571-1E8C-4207-8D5D-091532F5F2E5}.Debug|x64.Deploy.0 = Debug|x64
		{4CC8A571-1E8C-4207-8D5D-091532F5F2E5}.Debug|x86.ActiveCfg = Debug|x86
		{4CC8A571-1E8C-4207-8D5D-091532F5F2E5}.Debug|x86.Build.0 = Debug|x86
		{4CC8A571-1E8C-4207-8D5D-091532F5F2E5}.Debug|x86.Deploy.0 = Debug|x86
		{4CC8A571-1E8C-4207-8D5D-091532F5F2E5}.Release|ARM.ActiveCfg = Release|ARM
		{4CC8A571-1E8C-4207-8D5D-091532F5F2E5}.Release|ARM.Build.0 = Release|ARM
		{4CC8A571-1E8C-4207-8D5D-091532F5F2E5}.Release|ARM.Deploy.0 = Release|ARM
		{4CC8A571-1E8C-4207-8D5D-091532F5F2E5}.Release|ARM64.ActiveCfg = Release|ARM64
		{4CC8A571-1E8C-4207-8D5D-091532F5F2E5}.Release|ARM64.Build.0 = Release|ARM64
		{4CC8A571-1E8C-4207-8D5D-091532F5F2E5}.Release|ARM64.Deploy.0 = Release|ARM64
		{4CC8A571-1E8C-4207-8D5D-091532F5F2E5}.Release|x64.ActiveCfg = Release|x64
		{4CC8A571-1E8C-4207-8D5D-091532F5F2E5}.Release|x64.Build.0 = Release|x64
		{4CC8A571-1E8C-4207-8D5D-091532F5F2E5}.Release|x64.Deploy.0 = Release|x64
		{4CC8A571-1E8C-4207-8D5D-091532F5F2E5}.Release|x86.ActiveCfg = Release|x86
		{4CC8A571-1E8C-4207-8D5D-091532F5F2E5}.Release|x86.Build.0 = Release|x86
		{4CC8A571-1E8C-4207-8D5D-091532F5F2E5}.Release|x86.Deploy.0 = Release|x86
	EndGlobalSection
	GlobalSection(SolutionProperties) = preSolution
		HideSolutionNode = FALSE
	EndGlobalSection
	GlobalSection(ExtensibilityGlobals) = postSolution
		SolutionGuid = {C94DFA59-A11A-4ED9-9EA3-6D47D34216D4}
	EndGlobalSection
EndGlobal
